{
  "version": 4,
  "terraform_version": "1.15.5",
  "serial": 1,
  "lineage": "b27cd16a-6636-ddd6-2d2e-fce01f5229cc",
  "outputs": {},
  "resources": [
    {
      "mode": "managed",
      "type": "local_file",
      "name": "welcome",
      "provider": "provider[\"registry.terraform.io/hashicorp/local\"]",
      "instances": [
        {
          "schema_version": 0,
          "attributes": {
            "content": "Welcome to Terraform",
            "content_base64": null,
            "content_base64sha256": "Jv2arLkM55td9UYLKcxiVXhFybjE3SixntVz9Xuc+qE=",
            "content_base64sha512": "bA8fBrRQeZg3zLtYW7LRiKF3wy1WBEa6bHfijwew7zB6cS8qea6ifyuwwRyvKK/EIMiQyXvKkGnC7zmR/SQlqg==",
            "content_md5": "730f2a83c12bebb2de27d44acfe8be7f",
            "content_sha1": "ce88f4101aa5de34e2e3038a965a7ede039c1e6b",
            "content_sha256": "26fd9aacb90ce79b5df5460b29cc62557845c9b8c4dd28b19ed573f57b9cfaa1",
            "content_sha512": "6c0f1f06b450799837ccbb585bb2d188a177c32d560446ba6c77e28f07b0ef307a712f2a79aea27f2bb0c11caf28afc420c890c97bca9069c2ef3991fd2425aa",
            "directory_permission": "0777",
            "file_permission": "0777",
            "filename": "terraform-demo.txt",
            "id": "ce88f4101aa5de34e2e3038a965a7ede039c1e6b",
            "sensitive_content": null,
            "source": null
          },
          "sensitive_attributes": [
            [
              {
                "type": "get_attr",
                "value": "sensitive_content"
              }
            ]
          ],
          "identity_schema_version": 0
        }
      ]
    }
  ],
  "check_results": null
}
